
Microsoft Visual Studio Solution File, Format Version 12.00
# Visual Studio Version 17
VisualStudioVersion = 17.6.33723.286
MinimumVisualStudioVersion = 10.0.40219.1
Project("{9A19103F-16F7-4668-BE54-9A1E7A4F7556}") = "EWL", "EWL.csproj", "{57ED3951-21E9-4F61-B604-44283E06FB3B}"
EndProject
Project("{9A19103F-16F7-4668-BE54-9A1E7A4F7556}") = "EWL_Tests", "..\EWL_Tests\EWL_Tests.csproj", "{AA696738-2FC9-48D8-8200-31E40BCAAD9B}"
EndProject
Global
	GlobalSection(SolutionConfigurationPlatforms) = preSolution
		Debug|Any CPU = Debug|Any CPU
		Release|Any CPU = Release|Any CPU
	EndGlobalSection
	GlobalSection(ProjectConfigurationPlatforms) = postSolution
		{57ED3951-21E9-4F61-B604-44283E06FB3B}.Debug|Any CPU.ActiveCfg = Debug|Any CPU
		{57ED3951-21E9-4F61-B604-44283E06FB3B}.Debug|Any CPU.Build.0 = Debug|Any CPU
		{57ED3951-21E9-4F61-B604-44283E06FB3B}.Release|Any CPU.ActiveCfg = Release|Any CPU
		{57ED3951-21E9-4F61-B604-44283E06FB3B}.Release|Any CPU.Build.0 = Release|Any CPU
		{AA696738-2FC9-48D8-8200-31E40BCAAD9B}.Debug|Any CPU.ActiveCfg = Debug|Any CPU
		{AA696738-2FC9-48D8-8200-31E40BCAAD9B}.Debug|Any CPU.Build.0 = Debug|Any CPU
		{AA696738-2FC9-48D8-8200-31E40BCAAD9B}.Release|Any CPU.ActiveCfg = Release|Any CPU
		{AA696738-2FC9-48D8-8200-31E40BCAAD9B}.Release|Any CPU.Build.0 = Release|Any CPU
	EndGlobalSection
	GlobalSection(SolutionProperties) = preSolution
		HideSolutionNode = FALSE
	EndGlobalSection
	GlobalSection(ExtensibilityGlobals) = postSolution
		SolutionGuid = {27A21B05-623F-4640-9350-BF0B5597E7F3}
	EndGlobalSection
EndGlobal
